
Microsoft Visual Studio Solution File, Format Version 12.00
# Visual Studio Version 16
VisualStudioVersion = 16.0.30517.126
MinimumVisualStudioVersion = 10.0.40219.1
Project("{FAE04EC0-301F-11D3-BF4B-00C04F79EFBC}") = "BootcampBackend", "BootcampBackend\BootcampBackend.csproj", "{1BF05D9D-C059-4E67-99F4-E13D502DE74B}"
EndProject
Global
	GlobalSection(SolutionConfigurationPlatforms) = preSolution
		Debug|Any CPU = Debug|Any CPU
		Release|Any CPU = Release|Any CPU
	EndGlobalSection
	GlobalSection(ProjectConfigurationPlatforms) = postSolution
		{1BF05D9D-C059-4E67-99F4-E13D502DE74B}.Debug|Any CPU.ActiveCfg = Debug|Any CPU
		{1BF05D9D-C059-4E67-99F4-E13D502DE74B}.Debug|Any CPU.Build.0 = Debug|Any CPU
		{1BF05D9D-C059-4E67-99F4-E13D502DE74B}.Release|Any CPU.ActiveCfg = Release|Any CPU
		{1BF05D9D-C059-4E67-99F4-E13D502DE74B}.Release|Any CPU.Build.0 = Release|Any CPU
	EndGlobalSection
	GlobalSection(SolutionProperties) = preSolution
		HideSolutionNode = FALSE
	EndGlobalSection
	GlobalSection(ExtensibilityGlobals) = postSolution
		SolutionGuid = {5BA731CB-2C82-412A-B759-F2D97DC6A902}
	EndGlobalSection
EndGlobal
